
Microsoft Visual Studio Solution File, Format Version 12.00
# Visual Studio Version 16
VisualStudioVersion = 16.0.29926.136
MinimumVisualStudioVersion = 10.0.40219.1
Project("{FAE04EC0-301F-11D3-BF4B-00C04F79EFBC}") = "CourseDesign", "CourseDesign.csproj", "{8C8185C3-A337-4CF3-B293-D4A699D1CCFC}"
EndProject
Global
	GlobalSection(SolutionConfigurationPlatforms) = preSolution
		Debug|Any CPU = Debug|Any CPU
		Release|Any CPU = Release|Any CPU
	EndGlobalSection
	GlobalSection(ProjectConfigurationPlatforms) = postSolution
		{8C8185C3-A337-4CF3-B293-D4A699D1CCFC}.Debug|Any CPU.ActiveCfg = Debug|Any CPU
		{8C8185C3-A337-4CF3-B293-D4A699D1CCFC}.Debug|Any CPU.Build.0 = Debug|Any CPU
		{8C8185C3-A337-4CF3-B293-D4A699D1CCFC}.Release|Any CPU.ActiveCfg = Release|Any CPU
		{8C8185C3-A337-4CF3-B293-D4A699D1CCFC}.Release|Any CPU.Build.0 = Release|Any CPU
	EndGlobalSection
	GlobalSection(SolutionProperties) = preSolution
		HideSolutionNode = FALSE
	EndGlobalSection
	GlobalSection(ExtensibilityGlobals) = postSolution
		SolutionGuid = {D8318B11-DD29-4C8E-902D-7B28CAD03E1D}
	EndGlobalSection
EndGlobal
